
Microsoft Visual Studio Solution File, Format Version 12.00
# Visual Studio Version 16
VisualStudioVersion = 16.0.29905.134
MinimumVisualStudioVersion = 10.0.40219.1
Project("{FAE04EC0-301F-11D3-BF4B-00C04F79EFBC}") = "Estacionamento", "MVC_aula\Estacionamento.csproj", "{3BC16037-2AC2-4FA2-BC76-648FFD5ECC56}"
EndProject
Project("{FAE04EC0-301F-11D3-BF4B-00C04F79EFBC}") = "Database", "Database\Database.csproj", "{719496F8-E75A-407C-A3F6-1E57EB443E7A}"
EndProject
Project("{FAE04EC0-301F-11D3-BF4B-00C04F79EFBC}") = "Business", "Business\Business.csproj", "{F5110B5B-2480-4105-BEDE-9D51247BF096}"
EndProject
Global
	GlobalSection(SolutionConfigurationPlatforms) = preSolution
		Debug|Any CPU = Debug|Any CPU
		Release|Any CPU = Release|Any CPU
	EndGlobalSection
	GlobalSection(ProjectConfigurationPlatforms) = postSolution
		{3BC16037-2AC2-4FA2-BC76-648FFD5ECC56}.Debug|Any CPU.ActiveCfg = Debug|Any CPU
		{3BC16037-2AC2-4FA2-BC76-648FFD5ECC56}.Debug|Any CPU.Build.0 = Debug|Any CPU
		{3BC16037-2AC2-4FA2-BC76-648FFD5ECC56}.Release|Any CPU.ActiveCfg = Release|Any CPU
		{3BC16037-2AC2-4FA2-BC76-648FFD5ECC56}.Release|Any CPU.Build.0 = Release|Any CPU
		{719496F8-E75A-407C-A3F6-1E57EB443E7A}.Debug|Any CPU.ActiveCfg = Debug|Any CPU
		{719496F8-E75A-407C-A3F6-1E57EB443E7A}.Debug|Any CPU.Build.0 = Debug|Any CPU
		{719496F8-E75A-407C-A3F6-1E57EB443E7A}.Release|Any CPU.ActiveCfg = Release|Any CPU
		{719496F8-E75A-407C-A3F6-1E57EB443E7A}.Release|Any CPU.Build.0 = Release|Any CPU
		{F5110B5B-2480-4105-BEDE-9D51247BF096}.Debug|Any CPU.ActiveCfg = Debug|Any CPU
		{F5110B5B-2480-4105-BEDE-9D51247BF096}.Debug|Any CPU.Build.0 = Debug|Any CPU
		{F5110B5B-2480-4105-BEDE-9D51247BF096}.Release|Any CPU.ActiveCfg = Release|Any CPU
		{F5110B5B-2480-4105-BEDE-9D51247BF096}.Release|Any CPU.Build.0 = Release|Any CPU
	EndGlobalSection
	GlobalSection(SolutionProperties) = preSolution
		HideSolutionNode = FALSE
	EndGlobalSection
	GlobalSection(ExtensibilityGlobals) = postSolution
		SolutionGuid = {0C58026F-5476-4FE6-A5D5-DEF061C3C660}
	EndGlobalSection
EndGlobal
